
Microsoft Visual Studio Solution File, Format Version 12.00
# Visual Studio Version 17
VisualStudioVersion = 17.13.35825.156 d17.13
MinimumVisualStudioVersion = 10.0.40219.1
Project("{FAE04EC0-301F-11D3-BF4B-00C04F79EFBC}") = "Api", "Api\Api.csproj", "{15507B2A-8E49-4D84-B3CC-29F4C4D231B0}"
EndProject
Global
	GlobalSection(SolutionConfigurationPlatforms) = preSolution
		Debug|Any CPU = Debug|Any CPU
		Release|Any CPU = Release|Any CPU
	EndGlobalSection
	GlobalSection(ProjectConfigurationPlatforms) = postSolution
		{15507B2A-8E49-4D84-B3CC-29F4C4D231B0}.Debug|Any CPU.ActiveCfg = Debug|Any CPU
		{15507B2A-8E49-4D84-B3CC-29F4C4D231B0}.Debug|Any CPU.Build.0 = Debug|Any CPU
		{15507B2A-8E49-4D84-B3CC-29F4C4D231B0}.Release|Any CPU.ActiveCfg = Release|Any CPU
		{15507B2A-8E49-4D84-B3CC-29F4C4D231B0}.Release|Any CPU.Build.0 = Release|Any CPU
	EndGlobalSection
	GlobalSection(SolutionProperties) = preSolution
		HideSolutionNode = FALSE
	EndGlobalSection
	GlobalSection(ExtensibilityGlobals) = postSolution
		SolutionGuid = {D129DA4E-4AF3-4325-8C86-E3D0CEE1AB0F}
	EndGlobalSection
EndGlobal
